{
  "name": "syscoin-api",
  "version": "1.0.0",
  "lockfileVersion": 1,
  "dependencies": {
    "syscoin": {
      "version": "2.4.0",
      "resolved": "https://registry.npmjs.org/syscoin/-/syscoin-2.4.0.tgz",
      "integrity": "sha512-0BIBCex92Q3uJZpVV51W+kxPC1pO+YbWRkVZdjYUP59p5aAgsmMS7bgf7wdme6sdD8zKpQNW7M4NQzCH0W86tA=="
    }
  }
}
